// !$*UTF8*$!
{
	archiveVersion = 1;
	classes = {
	};
	objectVersion = 50;
	objects = {

/* Begin PBXBuildFile section */
		A5664FE920C99947000AD03F /* CustomNavigation.h in Headers */ = {isa = PBXBuildFile; fileRef = A5664FE720C99947000AD03F /* CustomNavigation.h */; settings = {ATTRIBUTES = (Public, ); }; };
		A596D39721526CA6008C4A6B /* Constants.swift in Sources */ = {isa = PBXBuildFile; fileRef = A596D37121526CA6008C4A6B /* Constants.swift */; };
		A596D39821526CA6008C4A6B /* AnimatableSubview.swift in Sources */ = {isa = PBXBuildFile; fileRef = A596D37321526CA6008C4A6B /* AnimatableSubview.swift */; };
		A596D39921526CA6008C4A6B /* SubviewsMathingAnimationProvider.swift in Sources */ = {isa = PBXBuildFile; fileRef = A596D37421526CA6008C4A6B /* SubviewsMathingAnimationProvider.swift */; };
		A596D39A21526CA6008C4A6B /* UIView.swift in Sources */ = {isa = PBXBuildFile; fileRef = A596D37621526CA6008C4A6B /* UIView.swift */; };
		A596D39B21526CA6008C4A6B /* UIViewControllerContextTransitioning.swift in Sources */ = {isa = PBXBuildFile; fileRef = A596D37721526CA6008C4A6B /* UIViewControllerContextTransitioning.swift */; };
		A596D39C21526CA6008C4A6B /* CGAffineTransform.swift in Sources */ = {isa = PBXBuildFile; fileRef = A596D37821526CA6008C4A6B /* CGAffineTransform.swift */; };
		A596D39D21526CA6008C4A6B /* UIView+SubviewsAnimation.swift in Sources */ = {isa = PBXBuildFile; fileRef = A596D37921526CA6008C4A6B /* UIView+SubviewsAnimation.swift */; };
		A596D39E21526CA6008C4A6B /* UIImageView.swift in Sources */ = {isa = PBXBuildFile; fileRef = A596D37A21526CA6008C4A6B /* UIImageView.swift */; };
		A596D39F21526CA6008C4A6B /* UIViewPropertyAnimator.swift in Sources */ = {isa = PBXBuildFile; fileRef = A596D37B21526CA6008C4A6B /* UIViewPropertyAnimator.swift */; };
		A596D3A021526CA6008C4A6B /* DefaultNavigationControllerDelegate.swift in Sources */ = {isa = PBXBuildFile; fileRef = A596D37C21526CA6008C4A6B /* DefaultNavigationControllerDelegate.swift */; };
		A596D3A121526CA6008C4A6B /* DefaultTransitioningDelegate.swift in Sources */ = {isa = PBXBuildFile; fileRef = A596D37D21526CA6008C4A6B /* DefaultTransitioningDelegate.swift */; };
		A596D3A221526CA6008C4A6B /* Cover.swift in Sources */ = {isa = PBXBuildFile; fileRef = A596D37F21526CA6008C4A6B /* Cover.swift */; };
		A596D3A321526CA6008C4A6B /* DirectionalTransition.swift in Sources */ = {isa = PBXBuildFile; fileRef = A596D38021526CA6008C4A6B /* DirectionalTransition.swift */; };
		A596D3A421526CA6008C4A6B /* ZoomSlide.swift in Sources */ = {isa = PBXBuildFile; fileRef = A596D38121526CA6008C4A6B /* ZoomSlide.swift */; };
		A596D3A521526CA6008C4A6B /* Slide.swift in Sources */ = {isa = PBXBuildFile; fileRef = A596D38221526CA6008C4A6B /* Slide.swift */; };
		A596D3A621526CA6008C4A6B /* Push.swift in Sources */ = {isa = PBXBuildFile; fileRef = A596D38321526CA6008C4A6B /* Push.swift */; };
		A596D3A721526CA6008C4A6B /* Zoom.swift in Sources */ = {isa = PBXBuildFile; fileRef = A596D38421526CA6008C4A6B /* Zoom.swift */; };
		A596D3A821526CA6008C4A6B /* Fade.swift in Sources */ = {isa = PBXBuildFile; fileRef = A596D38521526CA6008C4A6B /* Fade.swift */; };
		A596D3A921526CA6008C4A6B /* BaseTransition.swift in Sources */ = {isa = PBXBuildFile; fileRef = A596D38621526CA6008C4A6B /* BaseTransition.swift */; };
		A596D3AA21526CA6008C4A6B /* Page.swift in Sources */ = {isa = PBXBuildFile; fileRef = A596D38721526CA6008C4A6B /* Page.swift */; };
		A596D3AB21526CA6008C4A6B /* ScaleTransition.swift in Sources */ = {isa = PBXBuildFile; fileRef = A596D38821526CA6008C4A6B /* ScaleTransition.swift */; };
		A596D3AC21526CA6008C4A6B /* TransitioningDelegate.swift in Sources */ = {isa = PBXBuildFile; fileRef = A596D38B21526CA6008C4A6B /* TransitioningDelegate.swift */; };
		A596D3AD21526CA6008C4A6B /* AnimationControllerProvider.swift in Sources */ = {isa = PBXBuildFile; fileRef = A596D38D21526CA6008C4A6B /* AnimationControllerProvider.swift */; };
		A596D3AE21526CA6008C4A6B /* InteractionControllerProvider.swift in Sources */ = {isa = PBXBuildFile; fileRef = A596D38E21526CA6008C4A6B /* InteractionControllerProvider.swift */; };
		A596D3AF21526CA6008C4A6B /* SubviewsMatchingAnimatable.swift in Sources */ = {isa = PBXBuildFile; fileRef = A596D39021526CA6008C4A6B /* SubviewsMatchingAnimatable.swift */; };
		A596D3B021526CA6008C4A6B /* CustomAnimatedTransitioning.swift in Sources */ = {isa = PBXBuildFile; fileRef = A596D39121526CA6008C4A6B /* CustomAnimatedTransitioning.swift */; };
		A596D3B121526CA6008C4A6B /* NavigationControllerDelegate.swift in Sources */ = {isa = PBXBuildFile; fileRef = A596D39321526CA6008C4A6B /* NavigationControllerDelegate.swift */; };
		A596D3B221526CA6008C4A6B /* InteractionControllerDelegate.swift in Sources */ = {isa = PBXBuildFile; fileRef = A596D39521526CA6008C4A6B /* InteractionControllerDelegate.swift */; };
		A596D3B321526CA6008C4A6B /* InteractionController.swift in Sources */ = {isa = PBXBuildFile; fileRef = A596D39621526CA6008C4A6B /* InteractionController.swift */; };
/* End PBXBuildFile section */

/* Begin PBXFileReference section */
		A5664FE420C99947000AD03F /* CustomNavigation.framework */ = {isa = PBXFileReference; explicitFileType = wrapper.framework; includeInIndex = 0; path = CustomNavigation.framework; sourceTree = BUILT_PRODUCTS_DIR; };
		A5664FE720C99947000AD03F /* CustomNavigation.h */ = {isa = PBXFileReference; lastKnownFileType = sourcecode.c.h; path = CustomNavigation.h; sourceTree = "<group>"; };
		A5664FF020C99A54000AD03F /* Info.plist */ = {isa = PBXFileReference; fileEncoding = 4; lastKnownFileType = text.plist.xml; path = Info.plist; sourceTree = "<group>"; };
		A596D37121526CA6008C4A6B /* Constants.swift */ = {isa = PBXFileReference; fileEncoding = 4; lastKnownFileType = sourcecode.swift; path = Constants.swift; sourceTree = "<group>"; };
		A596D37321526CA6008C4A6B /* AnimatableSubview.swift */ = {isa = PBXFileReference; fileEncoding = 4; lastKnownFileType = sourcecode.swift; path = AnimatableSubview.swift; sourceTree = "<group>"; };
		A596D37421526CA6008C4A6B /* SubviewsMathingAnimationProvider.swift */ = {isa = PBXFileReference; fileEncoding = 4; lastKnownFileType = sourcecode.swift; path = SubviewsMathingAnimationProvider.swift; sourceTree = "<group>"; };
		A596D37621526CA6008C4A6B /* UIView.swift */ = {isa = PBXFileReference; fileEncoding = 4; lastKnownFileType = sourcecode.swift; path = UIView.swift; sourceTree = "<group>"; };
		A596D37721526CA6008C4A6B /* UIViewControllerContextTransitioning.swift */ = {isa = PBXFileReference; fileEncoding = 4; lastKnownFileType = sourcecode.swift; path = UIViewControllerContextTransitioning.swift; sourceTree = "<group>"; };
		A596D37821526CA6008C4A6B /* CGAffineTransform.swift */ = {isa = PBXFileReference; fileEncoding = 4; lastKnownFileType = sourcecode.swift; path = CGAffineTransform.swift; sourceTree = "<group>"; };
		A596D37921526CA6008C4A6B /* UIView+SubviewsAnimation.swift */ = {isa = PBXFileReference; fileEncoding = 4; lastKnownFileType = sourcecode.swift; path = "UIView+SubviewsAnimation.swift"; sourceTree = "<group>"; };
		A596D37A21526CA6008C4A6B /* UIImageView.swift */ = {isa = PBXFileReference; fileEncoding = 4; lastKnownFileType = sourcecode.swift; path = UIImageView.swift; sourceTree = "<group>"; };
		A596D37B21526CA6008C4A6B /* UIViewPropertyAnimator.swift */ = {isa = PBXFileReference; fileEncoding = 4; lastKnownFileType = sourcecode.swift; path = UIViewPropertyAnimator.swift; sourceTree = "<group>"; };
		A596D37C21526CA6008C4A6B /* DefaultNavigationControllerDelegate.swift */ = {isa = PBXFileReference; fileEncoding = 4; lastKnownFileType = sourcecode.swift; path = DefaultNavigationControllerDelegate.swift; sourceTree = "<group>"; };
		A596D37D21526CA6008C4A6B /* DefaultTransitioningDelegate.swift */ = {isa = PBXFileReference; fileEncoding = 4; lastKnownFileType = sourcecode.swift; path = DefaultTransitioningDelegate.swift; sourceTree = "<group>"; };
		A596D37F21526CA6008C4A6B /* Cover.swift */ = {isa = PBXFileReference; fileEncoding = 4; lastKnownFileType = sourcecode.swift; path = Cover.swift; sourceTree = "<group>"; };
		A596D38021526CA6008C4A6B /* DirectionalTransition.swift */ = {isa = PBXFileReference; fileEncoding = 4; lastKnownFileType = sourcecode.swift; path = DirectionalTransition.swift; sourceTree = "<group>"; };
		A596D38121526CA6008C4A6B /* ZoomSlide.swift */ = {isa = PBXFileReference; fileEncoding = 4; lastKnownFileType = sourcecode.swift; path = ZoomSlide.swift; sourceTree = "<group>"; };
		A596D38221526CA6008C4A6B /* Slide.swift */ = {isa = PBXFileReference; fileEncoding = 4; lastKnownFileType = sourcecode.swift; path = Slide.swift; sourceTree = "<group>"; };
		A596D38321526CA6008C4A6B /* Push.swift */ = {isa = PBXFileReference; fileEncoding = 4; lastKnownFileType = sourcecode.swift; path = Push.swift; sourceTree = "<group>"; };
		A596D38421526CA6008C4A6B /* Zoom.swift */ = {isa = PBXFileReference; fileEncoding = 4; lastKnownFileType = sourcecode.swift; path = Zoom.swift; sourceTree = "<group>"; };
		A596D38521526CA6008C4A6B /* Fade.swift */ = {isa = PBXFileReference; fileEncoding = 4; lastKnownFileType = sourcecode.swift; path = Fade.swift; sourceTree = "<group>"; };
		A596D38621526CA6008C4A6B /* BaseTransition.swift */ = {isa = PBXFileReference; fileEncoding = 4; lastKnownFileType = sourcecode.swift; path = BaseTransition.swift; sourceTree = "<group>"; };
		A596D38721526CA6008C4A6B /* Page.swift */ = {isa = PBXFileReference; fileEncoding = 4; lastKnownFileType = sourcecode.swift; path = Page.swift; sourceTree = "<group>"; };
		A596D38821526CA6008C4A6B /* ScaleTransition.swift */ = {isa = PBXFileReference; fileEncoding = 4; lastKnownFileType = sourcecode.swift; path = ScaleTransition.swift; sourceTree = "<group>"; };
		A596D38B21526CA6008C4A6B /* TransitioningDelegate.swift */ = {isa = PBXFileReference; fileEncoding = 4; lastKnownFileType = sourcecode.swift; path = TransitioningDelegate.swift; sourceTree = "<group>"; };
		A596D38D21526CA6008C4A6B /* AnimationControllerProvider.swift */ = {isa = PBXFileReference; fileEncoding = 4; lastKnownFileType = sourcecode.swift; path = AnimationControllerProvider.swift; sourceTree = "<group>"; };
		A596D38E21526CA6008C4A6B /* InteractionControllerProvider.swift */ = {isa = PBXFileReference; fileEncoding = 4; lastKnownFileType = sourcecode.swift; path = InteractionControllerProvider.swift; sourceTree = "<group>"; };
		A596D39021526CA6008C4A6B /* SubviewsMatchingAnimatable.swift */ = {isa = PBXFileReference; fileEncoding = 4; lastKnownFileType = sourcecode.swift; path = SubviewsMatchingAnimatable.swift; sourceTree = "<group>"; };
		A596D39121526CA6008C4A6B /* CustomAnimatedTransitioning.swift */ = {isa = PBXFileReference; fileEncoding = 4; lastKnownFileType = sourcecode.swift; path = CustomAnimatedTransitioning.swift; sourceTree = "<group>"; };
		A596D39321526CA6008C4A6B /* NavigationControllerDelegate.swift */ = {isa = PBXFileReference; fileEncoding = 4; lastKnownFileType = sourcecode.swift; path = NavigationControllerDelegate.swift; sourceTree = "<group>"; };
		A596D39521526CA6008C4A6B /* InteractionControllerDelegate.swift */ = {isa = PBXFileReference; fileEncoding = 4; lastKnownFileType = sourcecode.swift; path = InteractionControllerDelegate.swift; sourceTree = "<group>"; };
		A596D39621526CA6008C4A6B /* InteractionController.swift */ = {isa = PBXFileReference; fileEncoding = 4; lastKnownFileType = sourcecode.swift; path = InteractionController.swift; sourceTree = "<group>"; };
/* End PBXFileReference section */

/* Begin PBXFrameworksBuildPhase section */
		A5664FE020C99947000AD03F /* Frameworks */ = {
			isa = PBXFrameworksBuildPhase;
			buildActionMask = 2147483647;
			files = (
			);
			runOnlyForDeploymentPostprocessing = 0;
		};
/* End PBXFrameworksBuildPhase section */

/* Begin PBXGroup section */
		A5664FDA20C99947000AD03F = {
			isa = PBXGroup;
			children = (
				A5664FE620C99947000AD03F /* CustomNavigation */,
				A5664FE520C99947000AD03F /* Products */,
			);
			sourceTree = "<group>";
		};
		A5664FE520C99947000AD03F /* Products */ = {
			isa = PBXGroup;
			children = (
				A5664FE420C99947000AD03F /* CustomNavigation.framework */,
			);
			name = Products;
			sourceTree = "<group>";
		};
		A5664FE620C99947000AD03F /* CustomNavigation */ = {
			isa = PBXGroup;
			children = (
				A596D37021526CA6008C4A6B /* Sources */,
				A5664FEF20C99A54000AD03F /* Resources */,
				A5664FE720C99947000AD03F /* CustomNavigation.h */,
			);
			path = CustomNavigation;
			sourceTree = "<group>";
		};
		A5664FEF20C99A54000AD03F /* Resources */ = {
			isa = PBXGroup;
			children = (
				A5664FF020C99A54000AD03F /* Info.plist */,
			);
			path = Resources;
			sourceTree = "<group>";
		};
		A596D37021526CA6008C4A6B /* Sources */ = {
			isa = PBXGroup;
			children = (
				A596D37121526CA6008C4A6B /* Constants.swift */,
				A596D37221526CA6008C4A6B /* Subviews Matching */,
				A596D37421526CA6008C4A6B /* SubviewsMathingAnimationProvider.swift */,
				A596D37521526CA6008C4A6B /* Extensions */,
				A596D37C21526CA6008C4A6B /* DefaultNavigationControllerDelegate.swift */,
				A596D37D21526CA6008C4A6B /* DefaultTransitioningDelegate.swift */,
				A596D37E21526CA6008C4A6B /* Transitions */,
				A596D38921526CA6008C4A6B /* Protocols */,
			);
			name = Sources;
			path = CustomNavigation/Sources;
			sourceTree = SOURCE_ROOT;
		};
		A596D37221526CA6008C4A6B /* Subviews Matching */ = {
			isa = PBXGroup;
			children = (
				A596D37321526CA6008C4A6B /* AnimatableSubview.swift */,
			);
			path = "Subviews Matching";
			sourceTree = "<group>";
		};
		A596D37521526CA6008C4A6B /* Extensions */ = {
			isa = PBXGroup;
			children = (
				A596D37621526CA6008C4A6B /* UIView.swift */,
				A596D37721526CA6008C4A6B /* UIViewControllerContextTransitioning.swift */,
				A596D37821526CA6008C4A6B /* CGAffineTransform.swift */,
				A596D37921526CA6008C4A6B /* UIView+SubviewsAnimation.swift */,
				A596D37A21526CA6008C4A6B /* UIImageView.swift */,
				A596D37B21526CA6008C4A6B /* UIViewPropertyAnimator.swift */,
			);
			path = Extensions;
			sourceTree = "<group>";
		};
		A596D37E21526CA6008C4A6B /* Transitions */ = {
			isa = PBXGroup;
			children = (
				A596D37F21526CA6008C4A6B /* Cover.swift */,
				A596D38021526CA6008C4A6B /* DirectionalTransition.swift */,
				A596D38121526CA6008C4A6B /* ZoomSlide.swift */,
				A596D38221526CA6008C4A6B /* Slide.swift */,
				A596D38321526CA6008C4A6B /* Push.swift */,
				A596D38421526CA6008C4A6B /* Zoom.swift */,
				A596D38521526CA6008C4A6B /* Fade.swift */,
				A596D38621526CA6008C4A6B /* BaseTransition.swift */,
				A596D38721526CA6008C4A6B /* Page.swift */,
				A596D38821526CA6008C4A6B /* ScaleTransition.swift */,
			);
			path = Transitions;
			sourceTree = "<group>";
		};
		A596D38921526CA6008C4A6B /* Protocols */ = {
			isa = PBXGroup;
			children = (
				A596D38A21526CA6008C4A6B /* Modal or Presentation */,
				A596D38C21526CA6008C4A6B /* Providers */,
				A596D38F21526CA6008C4A6B /* Animation */,
				A596D39221526CA6008C4A6B /* Navigation Controller */,
				A596D39421526CA6008C4A6B /* Interaction */,
			);
			path = Protocols;
			sourceTree = "<group>";
		};
		A596D38A21526CA6008C4A6B /* Modal or Presentation */ = {
			isa = PBXGroup;
			children = (
				A596D38B21526CA6008C4A6B /* TransitioningDelegate.swift */,
			);
			path = "Modal or Presentation";
			sourceTree = "<group>";
		};
		A596D38C21526CA6008C4A6B /* Providers */ = {
			isa = PBXGroup;
			children = (
				A596D38D21526CA6008C4A6B /* AnimationControllerProvider.swift */,
				A596D38E21526CA6008C4A6B /* InteractionControllerProvider.swift */,
			);
			path = Providers;
			sourceTree = "<group>";
		};
		A596D38F21526CA6008C4A6B /* Animation */ = {
			isa = PBXGroup;
			children = (
				A596D39021526CA6008C4A6B /* SubviewsMatchingAnimatable.swift */,
				A596D39121526CA6008C4A6B /* CustomAnimatedTransitioning.swift */,
			);
			path = Animation;
			sourceTree = "<group>";
		};
		A596D39221526CA6008C4A6B /* Navigation Controller */ = {
			isa = PBXGroup;
			children = (
				A596D39321526CA6008C4A6B /* NavigationControllerDelegate.swift */,
			);
			path = "Navigation Controller";
			sourceTree = "<group>";
		};
		A596D39421526CA6008C4A6B /* Interaction */ = {
			isa = PBXGroup;
			children = (
				A596D39521526CA6008C4A6B /* InteractionControllerDelegate.swift */,
				A596D39621526CA6008C4A6B /* InteractionController.swift */,
			);
			path = Interaction;
			sourceTree = "<group>";
		};
/* End PBXGroup section */

/* Begin PBXHeadersBuildPhase section */
		A5664FE120C99947000AD03F /* Headers */ = {
			isa = PBXHeadersBuildPhase;
			buildActionMask = 2147483647;
			files = (
				A5664FE920C99947000AD03F /* CustomNavigation.h in Headers */,
			);
			runOnlyForDeploymentPostprocessing = 0;
		};
/* End PBXHeadersBuildPhase section */

/* Begin PBXNativeTarget section */
		A5664FE320C99947000AD03F /* CustomNavigation */ = {
			isa = PBXNativeTarget;
			buildConfigurationList = A5664FEC20C99947000AD03F /* Build configuration list for PBXNativeTarget "CustomNavigation" */;
			buildPhases = (
				A5664FDF20C99947000AD03F /* Sources */,
				A5664FE020C99947000AD03F /* Frameworks */,
				A5664FE120C99947000AD03F /* Headers */,
				A5664FE220C99947000AD03F /* Resources */,
			);
			buildRules = (
			);
			dependencies = (
			);
			name = CustomNavigation;
			productName = CustomNavigation;
			productReference = A5664FE420C99947000AD03F /* CustomNavigation.framework */;
			productType = "com.apple.product-type.framework";
		};
/* End PBXNativeTarget section */

/* Begin PBXProject section */
		A5664FDB20C99947000AD03F /* Project object */ = {
			isa = PBXProject;
			attributes = {
				LastUpgradeCheck = 0940;
				ORGANIZATIONNAME = "Sergey Kostyan";
				TargetAttributes = {
					A5664FE320C99947000AD03F = {
						CreatedOnToolsVersion = 9.4;
						LastSwiftMigration = 0940;
					};
				};
			};
			buildConfigurationList = A5664FDE20C99947000AD03F /* Build configuration list for PBXProject "CustomNavigation" */;
			compatibilityVersion = "Xcode 9.3";
			developmentRegion = en;
			hasScannedForEncodings = 0;
			knownRegions = (
				en,
			);
			mainGroup = A5664FDA20C99947000AD03F;
			productRefGroup = A5664FE520C99947000AD03F /* Products */;
			projectDirPath = "";
			projectRoot = "";
			targets = (
				A5664FE320C99947000AD03F /* CustomNavigation */,
			);
		};
/* End PBXProject section */

/* Begin PBXResourcesBuildPhase section */
		A5664FE220C99947000AD03F /* Resources */ = {
			isa = PBXResourcesBuildPhase;
			buildActionMask = 2147483647;
			files = (
			);
			runOnlyForDeploymentPostprocessing = 0;
		};
/* End PBXResourcesBuildPhase section */

/* Begin PBXSourcesBuildPhase section */
		A5664FDF20C99947000AD03F /* Sources */ = {
			isa = PBXSourcesBuildPhase;
			buildActionMask = 2147483647;
			files = (
				A596D39F21526CA6008C4A6B /* UIViewPropertyAnimator.swift in Sources */,
				A596D3A221526CA6008C4A6B /* Cover.swift in Sources */,
				A596D3AB21526CA6008C4A6B /* ScaleTransition.swift in Sources */,
				A596D3A421526CA6008C4A6B /* ZoomSlide.swift in Sources */,
				A596D3B121526CA6008C4A6B /* NavigationControllerDelegate.swift in Sources */,
				A596D39E21526CA6008C4A6B /* UIImageView.swift in Sources */,
				A596D39A21526CA6008C4A6B /* UIView.swift in Sources */,
				A596D3AC21526CA6008C4A6B /* TransitioningDelegate.swift in Sources */,
				A596D3A621526CA6008C4A6B /* Push.swift in Sources */,
				A596D39921526CA6008C4A6B /* SubviewsMathingAnimationProvider.swift in Sources */,
				A596D3A321526CA6008C4A6B /* DirectionalTransition.swift in Sources */,
				A596D3A021526CA6008C4A6B /* DefaultNavigationControllerDelegate.swift in Sources */,
				A596D3B321526CA6008C4A6B /* InteractionController.swift in Sources */,
				A596D39D21526CA6008C4A6B /* UIView+SubviewsAnimation.swift in Sources */,
				A596D3A521526CA6008C4A6B /* Slide.swift in Sources */,
				A596D3AE21526CA6008C4A6B /* InteractionControllerProvider.swift in Sources */,
				A596D3A721526CA6008C4A6B /* Zoom.swift in Sources */,
				A596D3AD21526CA6008C4A6B /* AnimationControllerProvider.swift in Sources */,
				A596D39721526CA6008C4A6B /* Constants.swift in Sources */,
				A596D3A821526CA6008C4A6B /* Fade.swift in Sources */,
				A596D3AA21526CA6008C4A6B /* Page.swift in Sources */,
				A596D39C21526CA6008C4A6B /* CGAffineTransform.swift in Sources */,
				A596D3B221526CA6008C4A6B /* InteractionControllerDelegate.swift in Sources */,
				A596D39B21526CA6008C4A6B /* UIViewControllerContextTransitioning.swift in Sources */,
				A596D3A921526CA6008C4A6B /* BaseTransition.swift in Sources */,
				A596D3A121526CA6008C4A6B /* DefaultTransitioningDelegate.swift in Sources */,
				A596D39821526CA6008C4A6B /* AnimatableSubview.swift in Sources */,
				A596D3AF21526CA6008C4A6B /* SubviewsMatchingAnimatable.swift in Sources */,
				A596D3B021526CA6008C4A6B /* CustomAnimatedTransitioning.swift in Sources */,
			);
			runOnlyForDeploymentPostprocessing = 0;
		};
/* End PBXSourcesBuildPhase section */

/* Begin XCBuildConfiguration section */
		A5664FEA20C99947000AD03F /* Debug */ = {
			isa = XCBuildConfiguration;
			buildSettings = {
				ALWAYS_SEARCH_USER_PATHS = NO;
				CLANG_ANALYZER_NONNULL = YES;
				CLANG_ANALYZER_NUMBER_OBJECT_CONVERSION = YES_AGGRESSIVE;
				CLANG_CXX_LANGUAGE_STANDARD = "gnu++14";
				CLANG_CXX_LIBRARY = "libc++";
				CLANG_ENABLE_MODULES = YES;
				CLANG_ENABLE_OBJC_ARC = YES;
				CLANG_ENABLE_OBJC_WEAK = YES;
				CLANG_WARN_BLOCK_CAPTURE_AUTORELEASING = YES;
				CLANG_WARN_BOOL_CONVERSION = YES;
				CLANG_WARN_COMMA = YES;
				CLANG_WARN_CONSTANT_CONVERSION = YES;
				CLANG_WARN_DEPRECATED_OBJC_IMPLEMENTATIONS = YES;
				CLANG_WARN_DIRECT_OBJC_ISA_USAGE = YES_ERROR;
				CLANG_WARN_DOCUMENTATION_COMMENTS = YES;
				CLANG_WARN_EMPTY_BODY = YES;
				CLANG_WARN_ENUM_CONVERSION = YES;
				CLANG_WARN_INFINITE_RECURSION = YES;
				CLANG_WARN_INT_CONVERSION = YES;
				CLANG_WARN_NON_LITERAL_NULL_CONVERSION = YES;
				CLANG_WARN_OBJC_IMPLICIT_RETAIN_SELF = YES;
				CLANG_WARN_OBJC_LITERAL_CONVERSION = YES;
				CLANG_WARN_OBJC_ROOT_CLASS = YES_ERROR;
				CLANG_WARN_RANGE_LOOP_ANALYSIS = YES;
				CLANG_WARN_STRICT_PROTOTYPES = YES;
				CLANG_WARN_SUSPICIOUS_MOVE = YES;
				CLANG_WARN_UNGUARDED_AVAILABILITY = YES_AGGRESSIVE;
				CLANG_WARN_UNREACHABLE_CODE = YES;
				CLANG_WARN__DUPLICATE_METHOD_MATCH = YES;
				CODE_SIGN_IDENTITY = "iPhone Developer";
				COPY_PHASE_STRIP = NO;
				CURRENT_PROJECT_VERSION = 1;
				DEBUG_INFORMATION_FORMAT = dwarf;
				ENABLE_STRICT_OBJC_MSGSEND = YES;
				ENABLE_TESTABILITY = YES;
				GCC_C_LANGUAGE_STANDARD = gnu11;
				GCC_DYNAMIC_NO_PIC = NO;
				GCC_NO_COMMON_BLOCKS = YES;
				GCC_OPTIMIZATION_LEVEL = 0;
				GCC_PREPROCESSOR_DEFINITIONS = (
					"DEBUG=1",
					"$(inherited)",
				);
				GCC_WARN_64_TO_32_BIT_CONVERSION = YES;
				GCC_WARN_ABOUT_RETURN_TYPE = YES_ERROR;
				GCC_WARN_UNDECLARED_SELECTOR = YES;
				GCC_WARN_UNINITIALIZED_AUTOS = YES_AGGRESSIVE;
				GCC_WARN_UNUSED_FUNCTION = YES;
				GCC_WARN_UNUSED_VARIABLE = YES;
				IPHONEOS_DEPLOYMENT_TARGET = 11.4;
				MTL_ENABLE_DEBUG_INFO = YES;
				ONLY_ACTIVE_ARCH = YES;
				SDKROOT = iphoneos;
				SWIFT_ACTIVE_COMPILATION_CONDITIONS = DEBUG;
				SWIFT_OPTIMIZATION_LEVEL = "-Onone";
				VERSIONING_SYSTEM = "apple-generic";
				VERSION_INFO_PREFIX = "";
			};
			name = Debug;
		};
		A5664FEB20C99947000AD03F /* Release */ = {
			isa = XCBuildConfiguration;
			buildSettings = {
				ALWAYS_SEARCH_USER_PATHS = NO;
				CLANG_ANALYZER_NONNULL = YES;
				CLANG_ANALYZER_NUMBER_OBJECT_CONVERSION = YES_AGGRESSIVE;
				CLANG_CXX_LANGUAGE_STANDARD = "gnu++14";
				CLANG_CXX_LIBRARY = "libc++";
				CLANG_ENABLE_MODULES = YES;
				CLANG_ENABLE_OBJC_ARC = YES;
				CLANG_ENABLE_OBJC_WEAK = YES;
				CLANG_WARN_BLOCK_CAPTURE_AUTORELEASING = YES;
				CLANG_WARN_BOOL_CONVERSION = YES;
				CLANG_WARN_COMMA = YES;
				CLANG_WARN_CONSTANT_CONVERSION = YES;
				CLANG_WARN_DEPRECATED_OBJC_IMPLEMENTATIONS = YES;
				CLANG_WARN_DIRECT_OBJC_ISA_USAGE = YES_ERROR;
				CLANG_WARN_DOCUMENTATION_COMMENTS = YES;
				CLANG_WARN_EMPTY_BODY = YES;
				CLANG_WARN_ENUM_CONVERSION = YES;
				CLANG_WARN_INFINITE_RECURSION = YES;
				CLANG_WARN_INT_CONVERSION = YES;
				CLANG_WARN_NON_LITERAL_NULL_CONVERSION = YES;
				CLANG_WARN_OBJC_IMPLICIT_RETAIN_SELF = YES;
				CLANG_WARN_OBJC_LITERAL_CONVERSION = YES;
				CLANG_WARN_OBJC_ROOT_CLASS = YES_ERROR;
				CLANG_WARN_RANGE_LOOP_ANALYSIS = YES;
				CLANG_WARN_STRICT_PROTOTYPES = YES;
				CLANG_WARN_SUSPICIOUS_MOVE = YES;
				CLANG_WARN_UNGUARDED_AVAILABILITY = YES_AGGRESSIVE;
				CLANG_WARN_UNREACHABLE_CODE = YES;
				CLANG_WARN__DUPLICATE_METHOD_MATCH = YES;
				CODE_SIGN_IDENTITY = "iPhone Developer";
				COPY_PHASE_STRIP = NO;
				CURRENT_PROJECT_VERSION = 1;
				DEBUG_INFORMATION_FORMAT = "dwarf-with-dsym";
				ENABLE_NS_ASSERTIONS = NO;
				ENABLE_STRICT_OBJC_MSGSEND = YES;
				GCC_C_LANGUAGE_STANDARD = gnu11;
				GCC_NO_COMMON_BLOCKS = YES;
				GCC_WARN_64_TO_32_BIT_CONVERSION = YES;
				GCC_WARN_ABOUT_RETURN_TYPE = YES_ERROR;
				GCC_WARN_UNDECLARED_SELECTOR = YES;
				GCC_WARN_UNINITIALIZED_AUTOS = YES_AGGRESSIVE;
				GCC_WARN_UNUSED_FUNCTION = YES;
				GCC_WARN_UNUSED_VARIABLE = YES;
				IPHONEOS_DEPLOYMENT_TARGET = 11.4;
				MTL_ENABLE_DEBUG_INFO = NO;
				SDKROOT = iphoneos;
				SWIFT_COMPILATION_MODE = wholemodule;
				SWIFT_OPTIMIZATION_LEVEL = "-O";
				VALIDATE_PRODUCT = YES;
				VERSIONING_SYSTEM = "apple-generic";
				VERSION_INFO_PREFIX = "";
			};
			name = Release;
		};
		A5664FED20C99947000AD03F /* Debug */ = {
			isa = XCBuildConfiguration;
			buildSettings = {
				CLANG_ENABLE_MODULES = YES;
				CODE_SIGN_IDENTITY = "";
				CODE_SIGN_STYLE = Automatic;
				DEFINES_MODULE = YES;
				DYLIB_COMPATIBILITY_VERSION = 1;
				DYLIB_CURRENT_VERSION = 1;
				DYLIB_INSTALL_NAME_BASE = "@rpath";
				INFOPLIST_FILE = CustomNavigation/Resources/Info.plist;
				INSTALL_PATH = "$(LOCAL_LIBRARY_DIR)/Frameworks";
				LD_RUNPATH_SEARCH_PATHS = (
					"$(inherited)",
					"@executable_path/Frameworks",
					"@loader_path/Frameworks",
				);
				PRODUCT_BUNDLE_IDENTIFIER = com.sk.CustomNavigation;
				PRODUCT_NAME = "$(TARGET_NAME:c99extidentifier)";
				SKIP_INSTALL = YES;
				SWIFT_OPTIMIZATION_LEVEL = "-Onone";
				SWIFT_VERSION = 4.0;
				TARGETED_DEVICE_FAMILY = "1,2";
			};
			name = Debug;
		};
		A5664FEE20C99947000AD03F /* Release */ = {
			isa = XCBuildConfiguration;
			buildSettings = {
				CLANG_ENABLE_MODULES = YES;
				CODE_SIGN_IDENTITY = "";
				CODE_SIGN_STYLE = Automatic;
				DEFINES_MODULE = YES;
				DYLIB_COMPATIBILITY_VERSION = 1;
				DYLIB_CURRENT_VERSION = 1;
				DYLIB_INSTALL_NAME_BASE = "@rpath";
				INFOPLIST_FILE = CustomNavigation/Resources/Info.plist;
				INSTALL_PATH = "$(LOCAL_LIBRARY_DIR)/Frameworks";
				LD_RUNPATH_SEARCH_PATHS = (
					"$(inherited)",
					"@executable_path/Frameworks",
					"@loader_path/Frameworks",
				);
				PRODUCT_BUNDLE_IDENTIFIER = com.sk.CustomNavigation;
				PRODUCT_NAME = "$(TARGET_NAME:c99extidentifier)";
				SKIP_INSTALL = YES;
				SWIFT_VERSION = 4.0;
				TARGETED_DEVICE_FAMILY = "1,2";
			};
			name = Release;
		};
/* End XCBuildConfiguration section */

/* Begin XCConfigurationList section */
		A5664FDE20C99947000AD03F /* Build configuration list for PBXProject "CustomNavigation" */ = {
			isa = XCConfigurationList;
			buildConfigurations = (
				A5664FEA20C99947000AD03F /* Debug */,
				A5664FEB20C99947000AD03F /* Release */,
			);
			defaultConfigurationIsVisible = 0;
			defaultConfigurationName = Release;
		};
		A5664FEC20C99947000AD03F /* Build configuration list for PBXNativeTarget "CustomNavigation" */ = {
			isa = XCConfigurationList;
			buildConfigurations = (
				A5664FED20C99947000AD03F /* Debug */,
				A5664FEE20C99947000AD03F /* Release */,
			);
			defaultConfigurationIsVisible = 0;
			defaultConfigurationName = Release;
		};
/* End XCConfigurationList section */
	};
	rootObject = A5664FDB20C99947000AD03F /* Project object */;
}
